
Microsoft Visual Studio Solution File, Format Version 12.00
# Visual Studio Version 17
VisualStudioVersion = 17.9.34723.18
MinimumVisualStudioVersion = 10.0.40219.1
Project("{FAE04EC0-301F-11D3-BF4B-00C04F79EFBC}") = "VisualProgrammingProject", "VisualProgrammingProject\VisualProgrammingProject.csproj", "{9C9AE46C-1779-48E5-8FB1-5C9F3D246934}"
EndProject
Global
	GlobalSection(SolutionConfigurationPlatforms) = preSolution
		Debug|Any CPU = Debug|Any CPU
		Release|Any CPU = Release|Any CPU
	EndGlobalSection
	GlobalSection(ProjectConfigurationPlatforms) = postSolution
		{9C9AE46C-1779-48E5-8FB1-5C9F3D246934}.Debug|Any CPU.ActiveCfg = Debug|Any CPU
		{9C9AE46C-1779-48E5-8FB1-5C9F3D246934}.Debug|Any CPU.Build.0 = Debug|Any CPU
		{9C9AE46C-1779-48E5-8FB1-5C9F3D246934}.Release|Any CPU.ActiveCfg = Release|Any CPU
		{9C9AE46C-1779-48E5-8FB1-5C9F3D246934}.Release|Any CPU.Build.0 = Release|Any CPU
	EndGlobalSection
	GlobalSection(SolutionProperties) = preSolution
		HideSolutionNode = FALSE
	EndGlobalSection
	GlobalSection(ExtensibilityGlobals) = postSolution
		SolutionGuid = {1442E540-9455-4690-8DEE-421D1FD75DDC}
	EndGlobalSection
EndGlobal
